
Microsoft Visual Studio Solution File, Format Version 12.00
# Visual Studio Version 16
VisualStudioVersion = 16.0.30406.217
MinimumVisualStudioVersion = 10.0.40219.1
Project("{FAE04EC0-301F-11D3-BF4B-00C04F79EFBC}") = "SetMouseSonar", "SetMouseSonar.csproj", "{677AAEEC-B7B7-4689-A7BE-8F5259605770}"
EndProject
Global
	GlobalSection(SolutionConfigurationPlatforms) = preSolution
		Debug|Any CPU = Debug|Any CPU
		Release|Any CPU = Release|Any CPU
	EndGlobalSection
	GlobalSection(ProjectConfigurationPlatforms) = postSolution
		{677AAEEC-B7B7-4689-A7BE-8F5259605770}.Debug|Any CPU.ActiveCfg = Debug|Any CPU
		{677AAEEC-B7B7-4689-A7BE-8F5259605770}.Debug|Any CPU.Build.0 = Debug|Any CPU
		{677AAEEC-B7B7-4689-A7BE-8F5259605770}.Release|Any CPU.ActiveCfg = Release|Any CPU
		{677AAEEC-B7B7-4689-A7BE-8F5259605770}.Release|Any CPU.Build.0 = Release|Any CPU
	EndGlobalSection
	GlobalSection(SolutionProperties) = preSolution
		HideSolutionNode = FALSE
	EndGlobalSection
	GlobalSection(ExtensibilityGlobals) = postSolution
		SolutionGuid = {F2E9D562-F8EE-4961-9060-E5685D4724CB}
	EndGlobalSection
EndGlobal
